{
  "name": "jsengine",
  "lockfileVersion": 3,
  "requires": true,
  "packages": {
    "": {
      "dependencies": {
        "asynchronous": "^0.0.0"
      }
    },
    "node_modules/asynchronous": {
      "version": "0.0.0",
      "resolved": "https://registry.npmjs.org/asynchronous/-/asynchronous-0.0.0.tgz",
      "integrity": "sha512-bpfiHBWT5drZHGD1ex5KQx8vcbZLQJGxmkeUcMWcxHAUKvvReCVnO19JMeNe1czEUtSxxtw7cO2VkkSeMZmVww==",
      "license": "MIT"
    }
  }
}
